// !$*UTF8*$!
{
	archiveVersion = 1;
	classes = {
	};
	objectVersion = 48;
	objects = {

/* Begin PBXBuildFile section */
		1B015C42201B7EBC001BC0B2 /* UIView+Extension.swift in Sources */ = {isa = PBXBuildFile; fileRef = 1B015C41201B7EBC001BC0B2 /* UIView+Extension.swift */; };
		1B015C43201B7EBC001BC0B2 /* UIView+Extension.swift in Sources */ = {isa = PBXBuildFile; fileRef = 1B015C41201B7EBC001BC0B2 /* UIView+Extension.swift */; };
		1B015C44201B7EBC001BC0B2 /* UIView+Extension.swift in Sources */ = {isa = PBXBuildFile; fileRef = 1B015C41201B7EBC001BC0B2 /* UIView+Extension.swift */; };
		1B015C46201B7F69001BC0B2 /* UITableView+Extension.swift in Sources */ = {isa = PBXBuildFile; fileRef = 1B015C45201B7F69001BC0B2 /* UITableView+Extension.swift */; };
		1B015C47201B7F69001BC0B2 /* UITableView+Extension.swift in Sources */ = {isa = PBXBuildFile; fileRef = 1B015C45201B7F69001BC0B2 /* UITableView+Extension.swift */; };
		1B015C48201B7F69001BC0B2 /* UITableView+Extension.swift in Sources */ = {isa = PBXBuildFile; fileRef = 1B015C45201B7F69001BC0B2 /* UITableView+Extension.swift */; };
		1B015C5A201B89CC001BC0B2 /* MainNavigationController.swift in Sources */ = {isa = PBXBuildFile; fileRef = 1B015C59201B89CC001BC0B2 /* MainNavigationController.swift */; };
		1B015C5B201B89CC001BC0B2 /* MainNavigationController.swift in Sources */ = {isa = PBXBuildFile; fileRef = 1B015C59201B89CC001BC0B2 /* MainNavigationController.swift */; };
		1B015C5C201B89CC001BC0B2 /* MainNavigationController.swift in Sources */ = {isa = PBXBuildFile; fileRef = 1B015C59201B89CC001BC0B2 /* MainNavigationController.swift */; };
		1B015C61201B91AA001BC0B2 /* AppDelegate.swift in Sources */ = {isa = PBXBuildFile; fileRef = 1BAED1AA201B5F2800BEF56C /* AppDelegate.swift */; };
		1B015C62201B91AA001BC0B2 /* AppDelegate.swift in Sources */ = {isa = PBXBuildFile; fileRef = 1BAED1AA201B5F2800BEF56C /* AppDelegate.swift */; };
		1B015C64201B9F23001BC0B2 /* NetworkService.swift in Sources */ = {isa = PBXBuildFile; fileRef = 1B015C63201B9F23001BC0B2 /* NetworkService.swift */; };
		1B015C65201B9F23001BC0B2 /* NetworkService.swift in Sources */ = {isa = PBXBuildFile; fileRef = 1B015C63201B9F23001BC0B2 /* NetworkService.swift */; };
		1B015C66201B9F23001BC0B2 /* NetworkService.swift in Sources */ = {isa = PBXBuildFile; fileRef = 1B015C63201B9F23001BC0B2 /* NetworkService.swift */; };
		1B015C68201B9FC6001BC0B2 /* Result.swift in Sources */ = {isa = PBXBuildFile; fileRef = 1B015C67201B9FC6001BC0B2 /* Result.swift */; };
		1B015C69201B9FC6001BC0B2 /* Result.swift in Sources */ = {isa = PBXBuildFile; fileRef = 1B015C67201B9FC6001BC0B2 /* Result.swift */; };
		1B015C6A201B9FC6001BC0B2 /* Result.swift in Sources */ = {isa = PBXBuildFile; fileRef = 1B015C67201B9FC6001BC0B2 /* Result.swift */; };
		1B015C70201BA2B9001BC0B2 /* Song.swift in Sources */ = {isa = PBXBuildFile; fileRef = 1B015C6F201BA2B9001BC0B2 /* Song.swift */; };
		1B015C71201BA2B9001BC0B2 /* Song.swift in Sources */ = {isa = PBXBuildFile; fileRef = 1B015C6F201BA2B9001BC0B2 /* Song.swift */; };
		1B015C72201BA2B9001BC0B2 /* Song.swift in Sources */ = {isa = PBXBuildFile; fileRef = 1B015C6F201BA2B9001BC0B2 /* Song.swift */; };
		1B015C74201BA2E7001BC0B2 /* Picture.swift in Sources */ = {isa = PBXBuildFile; fileRef = 1B015C73201BA2E7001BC0B2 /* Picture.swift */; };
		1B015C75201BA2E7001BC0B2 /* Picture.swift in Sources */ = {isa = PBXBuildFile; fileRef = 1B015C73201BA2E7001BC0B2 /* Picture.swift */; };
		1B015C76201BA2E7001BC0B2 /* Picture.swift in Sources */ = {isa = PBXBuildFile; fileRef = 1B015C73201BA2E7001BC0B2 /* Picture.swift */; };
		1B015C78201BA40A001BC0B2 /* DataHolder.swift in Sources */ = {isa = PBXBuildFile; fileRef = 1B015C77201BA40A001BC0B2 /* DataHolder.swift */; };
		1B015C79201BA40A001BC0B2 /* DataHolder.swift in Sources */ = {isa = PBXBuildFile; fileRef = 1B015C77201BA40A001BC0B2 /* DataHolder.swift */; };
		1B015C7A201BA40A001BC0B2 /* DataHolder.swift in Sources */ = {isa = PBXBuildFile; fileRef = 1B015C77201BA40A001BC0B2 /* DataHolder.swift */; };
		1B015C7D201BA476001BC0B2 /* SongTests.swift in Sources */ = {isa = PBXBuildFile; fileRef = 1B015C7B201BA476001BC0B2 /* SongTests.swift */; };
		1B015C81201BA637001BC0B2 /* SongFeedViewController.swift in Sources */ = {isa = PBXBuildFile; fileRef = 1B015C80201BA637001BC0B2 /* SongFeedViewController.swift */; };
		1B015C82201BA637001BC0B2 /* SongFeedViewController.swift in Sources */ = {isa = PBXBuildFile; fileRef = 1B015C80201BA637001BC0B2 /* SongFeedViewController.swift */; };
		1B015C83201BA637001BC0B2 /* SongFeedViewController.swift in Sources */ = {isa = PBXBuildFile; fileRef = 1B015C80201BA637001BC0B2 /* SongFeedViewController.swift */; };
		1B015C84201BA72C001BC0B2 /* SongFeedViewModel.swift in Sources */ = {isa = PBXBuildFile; fileRef = 1B015C7F201BA62C001BC0B2 /* SongFeedViewModel.swift */; };
		1B015C85201BA72D001BC0B2 /* SongFeedViewModel.swift in Sources */ = {isa = PBXBuildFile; fileRef = 1B015C7F201BA62C001BC0B2 /* SongFeedViewModel.swift */; };
		1B015C86201BA72D001BC0B2 /* SongFeedViewModel.swift in Sources */ = {isa = PBXBuildFile; fileRef = 1B015C7F201BA62C001BC0B2 /* SongFeedViewModel.swift */; };
		1BAED1AB201B5F2800BEF56C /* AppDelegate.swift in Sources */ = {isa = PBXBuildFile; fileRef = 1BAED1AA201B5F2800BEF56C /* AppDelegate.swift */; };
		1BAED1B3201B5F2800BEF56C /* KMP3.xcdatamodeld in Sources */ = {isa = PBXBuildFile; fileRef = 1BAED1B1201B5F2800BEF56C /* KMP3.xcdatamodeld */; };
		1BAED1B5201B5F2800BEF56C /* Assets.xcassets in Resources */ = {isa = PBXBuildFile; fileRef = 1BAED1B4201B5F2800BEF56C /* Assets.xcassets */; };
		1BAED1B8201B5F2800BEF56C /* LaunchScreen.storyboard in Resources */ = {isa = PBXBuildFile; fileRef = 1BAED1B6201B5F2800BEF56C /* LaunchScreen.storyboard */; };
		1BAED1C3201B5F2800BEF56C /* KMP3Tests.swift in Sources */ = {isa = PBXBuildFile; fileRef = 1BAED1C2201B5F2800BEF56C /* KMP3Tests.swift */; };
		1BAED1CE201B5F2800BEF56C /* KMP3UITests.swift in Sources */ = {isa = PBXBuildFile; fileRef = 1BAED1CD201B5F2800BEF56C /* KMP3UITests.swift */; };
		1BAED1DF201B609B00BEF56C /* Author.swift in Sources */ = {isa = PBXBuildFile; fileRef = 1BAED1DE201B609B00BEF56C /* Author.swift */; };
		1BAED1E0201B609B00BEF56C /* Author.swift in Sources */ = {isa = PBXBuildFile; fileRef = 1BAED1DE201B609B00BEF56C /* Author.swift */; };
		1BAED1E1201B609B00BEF56C /* Author.swift in Sources */ = {isa = PBXBuildFile; fileRef = 1BAED1DE201B609B00BEF56C /* Author.swift */; };
		1BAED1FB201B6DF300BEF56C /* FeedCell.swift in Sources */ = {isa = PBXBuildFile; fileRef = 1BAED1FA201B6DF300BEF56C /* FeedCell.swift */; };
		1BAED1FC201B6DF300BEF56C /* FeedCell.swift in Sources */ = {isa = PBXBuildFile; fileRef = 1BAED1FA201B6DF300BEF56C /* FeedCell.swift */; };
		1BAED1FD201B6DF300BEF56C /* FeedCell.swift in Sources */ = {isa = PBXBuildFile; fileRef = 1BAED1FA201B6DF300BEF56C /* FeedCell.swift */; };
		1BAED1FF201B6E2900BEF56C /* FeedCell.xib in Resources */ = {isa = PBXBuildFile; fileRef = 1BAED1FE201B6E2900BEF56C /* FeedCell.xib */; };
		1BAED200201B6E2900BEF56C /* FeedCell.xib in Resources */ = {isa = PBXBuildFile; fileRef = 1BAED1FE201B6E2900BEF56C /* FeedCell.xib */; };
		1BAED201201B6E2900BEF56C /* FeedCell.xib in Resources */ = {isa = PBXBuildFile; fileRef = 1BAED1FE201B6E2900BEF56C /* FeedCell.xib */; };
/* End PBXBuildFile section */

/* Begin PBXContainerItemProxy section */
		1BAED1BF201B5F2800BEF56C /* PBXContainerItemProxy */ = {
			isa = PBXContainerItemProxy;
			containerPortal = 1BAED19F201B5F2800BEF56C /* Project object */;
			proxyType = 1;
			remoteGlobalIDString = 1BAED1A6201B5F2800BEF56C;
			remoteInfo = KMP3;
		};
		1BAED1CA201B5F2800BEF56C /* PBXContainerItemProxy */ = {
			isa = PBXContainerItemProxy;
			containerPortal = 1BAED19F201B5F2800BEF56C /* Project object */;
			proxyType = 1;
			remoteGlobalIDString = 1BAED1A6201B5F2800BEF56C;
			remoteInfo = KMP3;
		};
/* End PBXContainerItemProxy section */

/* Begin PBXFileReference section */
		1B015C41201B7EBC001BC0B2 /* UIView+Extension.swift */ = {isa = PBXFileReference; lastKnownFileType = sourcecode.swift; path = "UIView+Extension.swift"; sourceTree = "<group>"; };
		1B015C45201B7F69001BC0B2 /* UITableView+Extension.swift */ = {isa = PBXFileReference; lastKnownFileType = sourcecode.swift; path = "UITableView+Extension.swift"; sourceTree = "<group>"; };
		1B015C59201B89CC001BC0B2 /* MainNavigationController.swift */ = {isa = PBXFileReference; lastKnownFileType = sourcecode.swift; path = MainNavigationController.swift; sourceTree = "<group>"; };
		1B015C63201B9F23001BC0B2 /* NetworkService.swift */ = {isa = PBXFileReference; lastKnownFileType = sourcecode.swift; path = NetworkService.swift; sourceTree = "<group>"; };
		1B015C67201B9FC6001BC0B2 /* Result.swift */ = {isa = PBXFileReference; lastKnownFileType = sourcecode.swift; path = Result.swift; sourceTree = "<group>"; };
		1B015C6F201BA2B9001BC0B2 /* Song.swift */ = {isa = PBXFileReference; lastKnownFileType = sourcecode.swift; path = Song.swift; sourceTree = "<group>"; };
		1B015C73201BA2E7001BC0B2 /* Picture.swift */ = {isa = PBXFileReference; lastKnownFileType = sourcecode.swift; path = Picture.swift; sourceTree = "<group>"; };
		1B015C77201BA40A001BC0B2 /* DataHolder.swift */ = {isa = PBXFileReference; lastKnownFileType = sourcecode.swift; path = DataHolder.swift; sourceTree = "<group>"; };
		1B015C7B201BA476001BC0B2 /* SongTests.swift */ = {isa = PBXFileReference; lastKnownFileType = sourcecode.swift; path = SongTests.swift; sourceTree = "<group>"; };
		1B015C7F201BA62C001BC0B2 /* SongFeedViewModel.swift */ = {isa = PBXFileReference; lastKnownFileType = sourcecode.swift; path = SongFeedViewModel.swift; sourceTree = "<group>"; };
		1B015C80201BA637001BC0B2 /* SongFeedViewController.swift */ = {isa = PBXFileReference; lastKnownFileType = sourcecode.swift; path = SongFeedViewController.swift; sourceTree = "<group>"; };
		1BAED1A7201B5F2800BEF56C /* KMP3.app */ = {isa = PBXFileReference; explicitFileType = wrapper.application; includeInIndex = 0; path = KMP3.app; sourceTree = BUILT_PRODUCTS_DIR; };
		1BAED1AA201B5F2800BEF56C /* AppDelegate.swift */ = {isa = PBXFileReference; lastKnownFileType = sourcecode.swift; path = AppDelegate.swift; sourceTree = "<group>"; };
		1BAED1B2201B5F2800BEF56C /* KMP3.xcdatamodel */ = {isa = PBXFileReference; lastKnownFileType = wrapper.xcdatamodel; path = KMP3.xcdatamodel; sourceTree = "<group>"; };
		1BAED1B4201B5F2800BEF56C /* Assets.xcassets */ = {isa = PBXFileReference; lastKnownFileType = folder.assetcatalog; path = Assets.xcassets; sourceTree = "<group>"; };
		1BAED1B7201B5F2800BEF56C /* Base */ = {isa = PBXFileReference; lastKnownFileType = file.storyboard; name = Base; path = Base.lproj/LaunchScreen.storyboard; sourceTree = "<group>"; };
		1BAED1B9201B5F2800BEF56C /* Info.plist */ = {isa = PBXFileReference; lastKnownFileType = text.plist.xml; path = Info.plist; sourceTree = "<group>"; };
		1BAED1BE201B5F2800BEF56C /* KMP3Tests.xctest */ = {isa = PBXFileReference; explicitFileType = wrapper.cfbundle; includeInIndex = 0; path = KMP3Tests.xctest; sourceTree = BUILT_PRODUCTS_DIR; };
		1BAED1C2201B5F2800BEF56C /* KMP3Tests.swift */ = {isa = PBXFileReference; lastKnownFileType = sourcecode.swift; path = KMP3Tests.swift; sourceTree = "<group>"; };
		1BAED1C4201B5F2800BEF56C /* Info.plist */ = {isa = PBXFileReference; lastKnownFileType = text.plist.xml; path = Info.plist; sourceTree = "<group>"; };
		1BAED1C9201B5F2800BEF56C /* KMP3UITests.xctest */ = {isa = PBXFileReference; explicitFileType = wrapper.cfbundle; includeInIndex = 0; path = KMP3UITests.xctest; sourceTree = BUILT_PRODUCTS_DIR; };
		1BAED1CD201B5F2800BEF56C /* KMP3UITests.swift */ = {isa = PBXFileReference; lastKnownFileType = sourcecode.swift; path = KMP3UITests.swift; sourceTree = "<group>"; };
		1BAED1CF201B5F2800BEF56C /* Info.plist */ = {isa = PBXFileReference; lastKnownFileType = text.plist.xml; path = Info.plist; sourceTree = "<group>"; };
		1BAED1DE201B609B00BEF56C /* Author.swift */ = {isa = PBXFileReference; lastKnownFileType = sourcecode.swift; path = Author.swift; sourceTree = "<group>"; };
		1BAED1FA201B6DF300BEF56C /* FeedCell.swift */ = {isa = PBXFileReference; lastKnownFileType = sourcecode.swift; path = FeedCell.swift; sourceTree = "<group>"; };
		1BAED1FE201B6E2900BEF56C /* FeedCell.xib */ = {isa = PBXFileReference; lastKnownFileType = file.xib; path = FeedCell.xib; sourceTree = "<group>"; };
/* End PBXFileReference section */

/* Begin PBXFrameworksBuildPhase section */
		1BAED1A4201B5F2800BEF56C /* Frameworks */ = {
			isa = PBXFrameworksBuildPhase;
			buildActionMask = 2147483647;
			files = (
			);
			runOnlyForDeploymentPostprocessing = 0;
		};
		1BAED1BB201B5F2800BEF56C /* Frameworks */ = {
			isa = PBXFrameworksBuildPhase;
			buildActionMask = 2147483647;
			files = (
			);
			runOnlyForDeploymentPostprocessing = 0;
		};
		1BAED1C6201B5F2800BEF56C /* Frameworks */ = {
			isa = PBXFrameworksBuildPhase;
			buildActionMask = 2147483647;
			files = (
			);
			runOnlyForDeploymentPostprocessing = 0;
		};
/* End PBXFrameworksBuildPhase section */

/* Begin PBXGroup section */
		1B015C40201B7E38001BC0B2 /* Extension */ = {
			isa = PBXGroup;
			children = (
				1B015C41201B7EBC001BC0B2 /* UIView+Extension.swift */,
				1B015C45201B7F69001BC0B2 /* UITableView+Extension.swift */,
			);
			path = Extension;
			sourceTree = "<group>";
		};
		1BAED19E201B5F2800BEF56C = {
			isa = PBXGroup;
			children = (
				1BAED1A9201B5F2800BEF56C /* KMP3 */,
				1BAED1C1201B5F2800BEF56C /* KMP3Tests */,
				1BAED1CC201B5F2800BEF56C /* KMP3UITests */,
				1BAED1A8201B5F2800BEF56C /* Products */,
			);
			sourceTree = "<group>";
		};
		1BAED1A8201B5F2800BEF56C /* Products */ = {
			isa = PBXGroup;
			children = (
				1BAED1A7201B5F2800BEF56C /* KMP3.app */,
				1BAED1BE201B5F2800BEF56C /* KMP3Tests.xctest */,
				1BAED1C9201B5F2800BEF56C /* KMP3UITests.xctest */,
			);
			name = Products;
			sourceTree = "<group>";
		};
		1BAED1A9201B5F2800BEF56C /* KMP3 */ = {
			isa = PBXGroup;
			children = (
				1B015C40201B7E38001BC0B2 /* Extension */,
				1BAED1EA201B65BE00BEF56C /* Manager */,
				1BAED1DD201B5FA800BEF56C /* Model */,
				1BAED1DC201B5F9900BEF56C /* View */,
				1BAED1DB201B5F7C00BEF56C /* ViewModel */,
				1BAED1AA201B5F2800BEF56C /* AppDelegate.swift */,
				1BAED1B4201B5F2800BEF56C /* Assets.xcassets */,
				1BAED1B6201B5F2800BEF56C /* LaunchScreen.storyboard */,
				1BAED1B9201B5F2800BEF56C /* Info.plist */,
				1BAED1B1201B5F2800BEF56C /* KMP3.xcdatamodeld */,
			);
			path = KMP3;
			sourceTree = "<group>";
		};
		1BAED1C1201B5F2800BEF56C /* KMP3Tests */ = {
			isa = PBXGroup;
			children = (
				1BAED1C2201B5F2800BEF56C /* KMP3Tests.swift */,
				1BAED1C4201B5F2800BEF56C /* Info.plist */,
				1B015C7B201BA476001BC0B2 /* SongTests.swift */,
			);
			path = KMP3Tests;
			sourceTree = "<group>";
		};
		1BAED1CC201B5F2800BEF56C /* KMP3UITests */ = {
			isa = PBXGroup;
			children = (
				1BAED1CD201B5F2800BEF56C /* KMP3UITests.swift */,
				1BAED1CF201B5F2800BEF56C /* Info.plist */,
			);
			path = KMP3UITests;
			sourceTree = "<group>";
		};
		1BAED1DB201B5F7C00BEF56C /* ViewModel */ = {
			isa = PBXGroup;
			children = (
				1B015C7F201BA62C001BC0B2 /* SongFeedViewModel.swift */,
			);
			path = ViewModel;
			sourceTree = "<group>";
		};
		1BAED1DC201B5F9900BEF56C /* View */ = {
			isa = PBXGroup;
			children = (
				1BAED1F8201B6DAC00BEF56C /* FeedView */,
				1B015C59201B89CC001BC0B2 /* MainNavigationController.swift */,
			);
			path = View;
			sourceTree = "<group>";
		};
		1BAED1DD201B5FA800BEF56C /* Model */ = {
			isa = PBXGroup;
			children = (
				1BAED1DE201B609B00BEF56C /* Author.swift */,
				1B015C6F201BA2B9001BC0B2 /* Song.swift */,
				1B015C73201BA2E7001BC0B2 /* Picture.swift */,
				1B015C77201BA40A001BC0B2 /* DataHolder.swift */,
			);
			path = Model;
			sourceTree = "<group>";
		};
		1BAED1EA201B65BE00BEF56C /* Manager */ = {
			isa = PBXGroup;
			children = (
				1BAED1EB201B65D200BEF56C /* Network */,
			);
			path = Manager;
			sourceTree = "<group>";
		};
		1BAED1EB201B65D200BEF56C /* Network */ = {
			isa = PBXGroup;
			children = (
				1B015C63201B9F23001BC0B2 /* NetworkService.swift */,
				1B015C67201B9FC6001BC0B2 /* Result.swift */,
			);
			path = Network;
			sourceTree = "<group>";
		};
		1BAED1F8201B6DAC00BEF56C /* FeedView */ = {
			isa = PBXGroup;
			children = (
				1B015C80201BA637001BC0B2 /* SongFeedViewController.swift */,
				1BAED1FA201B6DF300BEF56C /* FeedCell.swift */,
				1BAED1FE201B6E2900BEF56C /* FeedCell.xib */,
			);
			path = FeedView;
			sourceTree = "<group>";
		};
/* End PBXGroup section */

/* Begin PBXNativeTarget section */
		1BAED1A6201B5F2800BEF56C /* KMP3 */ = {
			isa = PBXNativeTarget;
			buildConfigurationList = 1BAED1D2201B5F2800BEF56C /* Build configuration list for PBXNativeTarget "KMP3" */;
			buildPhases = (
				1BAED1A3201B5F2800BEF56C /* Sources */,
				1BAED1A4201B5F2800BEF56C /* Frameworks */,
				1BAED1A5201B5F2800BEF56C /* Resources */,
			);
			buildRules = (
			);
			dependencies = (
			);
			name = KMP3;
			productName = KMP3;
			productReference = 1BAED1A7201B5F2800BEF56C /* KMP3.app */;
			productType = "com.apple.product-type.application";
		};
		1BAED1BD201B5F2800BEF56C /* KMP3Tests */ = {
			isa = PBXNativeTarget;
			buildConfigurationList = 1BAED1D5201B5F2800BEF56C /* Build configuration list for PBXNativeTarget "KMP3Tests" */;
			buildPhases = (
				1BAED1BA201B5F2800BEF56C /* Sources */,
				1BAED1BB201B5F2800BEF56C /* Frameworks */,
				1BAED1BC201B5F2800BEF56C /* Resources */,
			);
			buildRules = (
			);
			dependencies = (
				1BAED1C0201B5F2800BEF56C /* PBXTargetDependency */,
			);
			name = KMP3Tests;
			productName = KMP3Tests;
			productReference = 1BAED1BE201B5F2800BEF56C /* KMP3Tests.xctest */;
			productType = "com.apple.product-type.bundle.unit-test";
		};
		1BAED1C8201B5F2800BEF56C /* KMP3UITests */ = {
			isa = PBXNativeTarget;
			buildConfigurationList = 1BAED1D8201B5F2800BEF56C /* Build configuration list for PBXNativeTarget "KMP3UITests" */;
			buildPhases = (
				1BAED1C5201B5F2800BEF56C /* Sources */,
				1BAED1C6201B5F2800BEF56C /* Frameworks */,
				1BAED1C7201B5F2800BEF56C /* Resources */,
			);
			buildRules = (
			);
			dependencies = (
				1BAED1CB201B5F2800BEF56C /* PBXTargetDependency */,
			);
			name = KMP3UITests;
			productName = KMP3UITests;
			productReference = 1BAED1C9201B5F2800BEF56C /* KMP3UITests.xctest */;
			productType = "com.apple.product-type.bundle.ui-testing";
		};
/* End PBXNativeTarget section */

/* Begin PBXProject section */
		1BAED19F201B5F2800BEF56C /* Project object */ = {
			isa = PBXProject;
			attributes = {
				LastSwiftUpdateCheck = 0900;
				LastUpgradeCheck = 0900;
				TargetAttributes = {
					1BAED1A6201B5F2800BEF56C = {
						CreatedOnToolsVersion = 9.0;
						ProvisioningStyle = Automatic;
					};
					1BAED1BD201B5F2800BEF56C = {
						CreatedOnToolsVersion = 9.0;
						ProvisioningStyle = Automatic;
						TestTargetID = 1BAED1A6201B5F2800BEF56C;
					};
					1BAED1C8201B5F2800BEF56C = {
						CreatedOnToolsVersion = 9.0;
						ProvisioningStyle = Automatic;
						TestTargetID = 1BAED1A6201B5F2800BEF56C;
					};
				};
			};
			buildConfigurationList = 1BAED1A2201B5F2800BEF56C /* Build configuration list for PBXProject "KMP3" */;
			compatibilityVersion = "Xcode 8.0";
			developmentRegion = en;
			hasScannedForEncodings = 0;
			knownRegions = (
				en,
				Base,
			);
			mainGroup = 1BAED19E201B5F2800BEF56C;
			productRefGroup = 1BAED1A8201B5F2800BEF56C /* Products */;
			projectDirPath = "";
			projectRoot = "";
			targets = (
				1BAED1A6201B5F2800BEF56C /* KMP3 */,
				1BAED1BD201B5F2800BEF56C /* KMP3Tests */,
				1BAED1C8201B5F2800BEF56C /* KMP3UITests */,
			);
		};
/* End PBXProject section */

/* Begin PBXResourcesBuildPhase section */
		1BAED1A5201B5F2800BEF56C /* Resources */ = {
			isa = PBXResourcesBuildPhase;
			buildActionMask = 2147483647;
			files = (
				1BAED1FF201B6E2900BEF56C /* FeedCell.xib in Resources */,
				1BAED1B8201B5F2800BEF56C /* LaunchScreen.storyboard in Resources */,
				1BAED1B5201B5F2800BEF56C /* Assets.xcassets in Resources */,
			);
			runOnlyForDeploymentPostprocessing = 0;
		};
		1BAED1BC201B5F2800BEF56C /* Resources */ = {
			isa = PBXResourcesBuildPhase;
			buildActionMask = 2147483647;
			files = (
				1BAED200201B6E2900BEF56C /* FeedCell.xib in Resources */,
			);
			runOnlyForDeploymentPostprocessing = 0;
		};
		1BAED1C7201B5F2800BEF56C /* Resources */ = {
			isa = PBXResourcesBuildPhase;
			buildActionMask = 2147483647;
			files = (
				1BAED201201B6E2900BEF56C /* FeedCell.xib in Resources */,
			);
			runOnlyForDeploymentPostprocessing = 0;
		};
/* End PBXResourcesBuildPhase section */

/* Begin PBXSourcesBuildPhase section */
		1BAED1A3201B5F2800BEF56C /* Sources */ = {
			isa = PBXSourcesBuildPhase;
			buildActionMask = 2147483647;
			files = (
				1B015C70201BA2B9001BC0B2 /* Song.swift in Sources */,
				1B015C83201BA637001BC0B2 /* SongFeedViewController.swift in Sources */,
				1B015C5A201B89CC001BC0B2 /* MainNavigationController.swift in Sources */,
				1B015C68201B9FC6001BC0B2 /* Result.swift in Sources */,
				1B015C74201BA2E7001BC0B2 /* Picture.swift in Sources */,
				1B015C84201BA72C001BC0B2 /* SongFeedViewModel.swift in Sources */,
				1B015C78201BA40A001BC0B2 /* DataHolder.swift in Sources */,
				1BAED1DF201B609B00BEF56C /* Author.swift in Sources */,
				1B015C42201B7EBC001BC0B2 /* UIView+Extension.swift in Sources */,
				1BAED1B3201B5F2800BEF56C /* KMP3.xcdatamodeld in Sources */,
				1BAED1AB201B5F2800BEF56C /* AppDelegate.swift in Sources */,
				1BAED1FB201B6DF300BEF56C /* FeedCell.swift in Sources */,
				1B015C46201B7F69001BC0B2 /* UITableView+Extension.swift in Sources */,
				1B015C64201B9F23001BC0B2 /* NetworkService.swift in Sources */,
			);
			runOnlyForDeploymentPostprocessing = 0;
		};
		1BAED1BA201B5F2800BEF56C /* Sources */ = {
			isa = PBXSourcesBuildPhase;
			buildActionMask = 2147483647;
			files = (
				1B015C71201BA2B9001BC0B2 /* Song.swift in Sources */,
				1B015C81201BA637001BC0B2 /* SongFeedViewController.swift in Sources */,
				1B015C61201B91AA001BC0B2 /* AppDelegate.swift in Sources */,
				1B015C69201B9FC6001BC0B2 /* Result.swift in Sources */,
				1BAED1FC201B6DF300BEF56C /* FeedCell.swift in Sources */,
				1B015C7D201BA476001BC0B2 /* SongTests.swift in Sources */,
				1B015C75201BA2E7001BC0B2 /* Picture.swift in Sources */,
				1B015C79201BA40A001BC0B2 /* DataHolder.swift in Sources */,
				1B015C85201BA72D001BC0B2 /* SongFeedViewModel.swift in Sources */,
				1B015C5B201B89CC001BC0B2 /* MainNavigationController.swift in Sources */,
				1B015C47201B7F69001BC0B2 /* UITableView+Extension.swift in Sources */,
				1B015C43201B7EBC001BC0B2 /* UIView+Extension.swift in Sources */,
				1BAED1E0201B609B00BEF56C /* Author.swift in Sources */,
				1BAED1C3201B5F2800BEF56C /* KMP3Tests.swift in Sources */,
				1B015C65201B9F23001BC0B2 /* NetworkService.swift in Sources */,
			);
			runOnlyForDeploymentPostprocessing = 0;
		};
		1BAED1C5201B5F2800BEF56C /* Sources */ = {
			isa = PBXSourcesBuildPhase;
			buildActionMask = 2147483647;
			files = (
				1B015C72201BA2B9001BC0B2 /* Song.swift in Sources */,
				1B015C82201BA637001BC0B2 /* SongFeedViewController.swift in Sources */,
				1B015C62201B91AA001BC0B2 /* AppDelegate.swift in Sources */,
				1B015C6A201B9FC6001BC0B2 /* Result.swift in Sources */,
				1BAED1FD201B6DF300BEF56C /* FeedCell.swift in Sources */,
				1B015C86201BA72D001BC0B2 /* SongFeedViewModel.swift in Sources */,
				1B015C76201BA2E7001BC0B2 /* Picture.swift in Sources */,
				1B015C7A201BA40A001BC0B2 /* DataHolder.swift in Sources */,
				1B015C5C201B89CC001BC0B2 /* MainNavigationController.swift in Sources */,
				1B015C48201B7F69001BC0B2 /* UITableView+Extension.swift in Sources */,
				1B015C44201B7EBC001BC0B2 /* UIView+Extension.swift in Sources */,
				1BAED1E1201B609B00BEF56C /* Author.swift in Sources */,
				1BAED1CE201B5F2800BEF56C /* KMP3UITests.swift in Sources */,
				1B015C66201B9F23001BC0B2 /* NetworkService.swift in Sources */,
			);
			runOnlyForDeploymentPostprocessing = 0;
		};
/* End PBXSourcesBuildPhase section */

/* Begin PBXTargetDependency section */
		1BAED1C0201B5F2800BEF56C /* PBXTargetDependency */ = {
			isa = PBXTargetDependency;
			target = 1BAED1A6201B5F2800BEF56C /* KMP3 */;
			targetProxy = 1BAED1BF201B5F2800BEF56C /* PBXContainerItemProxy */;
		};
		1BAED1CB201B5F2800BEF56C /* PBXTargetDependency */ = {
			isa = PBXTargetDependency;
			target = 1BAED1A6201B5F2800BEF56C /* KMP3 */;
			targetProxy = 1BAED1CA201B5F2800BEF56C /* PBXContainerItemProxy */;
		};
/* End PBXTargetDependency section */

/* Begin PBXVariantGroup section */
		1BAED1B6201B5F2800BEF56C /* LaunchScreen.storyboard */ = {
			isa = PBXVariantGroup;
			children = (
				1BAED1B7201B5F2800BEF56C /* Base */,
			);
			name = LaunchScreen.storyboard;
			sourceTree = "<group>";
		};
/* End PBXVariantGroup section */

/* Begin XCBuildConfiguration section */
		1BAED1D0201B5F2800BEF56C /* Debug */ = {
			isa = XCBuildConfiguration;
			buildSettings = {
				ALWAYS_SEARCH_USER_PATHS = NO;
				CLANG_ANALYZER_NONNULL = YES;
				CLANG_ANALYZER_NUMBER_OBJECT_CONVERSION = YES_AGGRESSIVE;
				CLANG_CXX_LANGUAGE_STANDARD = "gnu++14";
				CLANG_CXX_LIBRARY = "libc++";
				CLANG_ENABLE_MODULES = YES;
				CLANG_ENABLE_OBJC_ARC = YES;
				CLANG_WARN_BLOCK_CAPTURE_AUTORELEASING = YES;
				CLANG_WARN_BOOL_CONVERSION = YES;
				CLANG_WARN_COMMA = YES;
				CLANG_WARN_CONSTANT_CONVERSION = YES;
				CLANG_WARN_DIRECT_OBJC_ISA_USAGE = YES_ERROR;
				CLANG_WARN_DOCUMENTATION_COMMENTS = YES;
				CLANG_WARN_EMPTY_BODY = YES;
				CLANG_WARN_ENUM_CONVERSION = YES;
				CLANG_WARN_INFINITE_RECURSION = YES;
				CLANG_WARN_INT_CONVERSION = YES;
				CLANG_WARN_NON_LITERAL_NULL_CONVERSION = YES;
				CLANG_WARN_OBJC_LITERAL_CONVERSION = YES;
				CLANG_WARN_OBJC_ROOT_CLASS = YES_ERROR;
				CLANG_WARN_RANGE_LOOP_ANALYSIS = YES;
				CLANG_WARN_STRICT_PROTOTYPES = YES;
				CLANG_WARN_SUSPICIOUS_MOVE = YES;
				CLANG_WARN_UNGUARDED_AVAILABILITY = YES_AGGRESSIVE;
				CLANG_WARN_UNREACHABLE_CODE = YES;
				CLANG_WARN__DUPLICATE_METHOD_MATCH = YES;
				CODE_SIGN_IDENTITY = "iPhone Developer";
				COPY_PHASE_STRIP = NO;
				DEBUG_INFORMATION_FORMAT = dwarf;
				ENABLE_STRICT_OBJC_MSGSEND = YES;
				ENABLE_TESTABILITY = YES;
				GCC_C_LANGUAGE_STANDARD = gnu11;
				GCC_DYNAMIC_NO_PIC = NO;
				GCC_NO_COMMON_BLOCKS = YES;
				GCC_OPTIMIZATION_LEVEL = 0;
				GCC_PREPROCESSOR_DEFINITIONS = (
					"DEBUG=1",
					"$(inherited)",
				);
				GCC_WARN_64_TO_32_BIT_CONVERSION = YES;
				GCC_WARN_ABOUT_RETURN_TYPE = YES_ERROR;
				GCC_WARN_UNDECLARED_SELECTOR = YES;
				GCC_WARN_UNINITIALIZED_AUTOS = YES_AGGRESSIVE;
				GCC_WARN_UNUSED_FUNCTION = YES;
				GCC_WARN_UNUSED_VARIABLE = YES;
				IPHONEOS_DEPLOYMENT_TARGET = 11.0;
				MTL_ENABLE_DEBUG_INFO = YES;
				ONLY_ACTIVE_ARCH = YES;
				SDKROOT = iphoneos;
				SWIFT_ACTIVE_COMPILATION_CONDITIONS = DEBUG;
				SWIFT_OPTIMIZATION_LEVEL = "-Onone";
			};
			name = Debug;
		};
		1BAED1D1201B5F2800BEF56C /* Release */ = {
			isa = XCBuildConfiguration;
			buildSettings = {
				ALWAYS_SEARCH_USER_PATHS = NO;
				CLANG_ANALYZER_NONNULL = YES;
				CLANG_ANALYZER_NUMBER_OBJECT_CONVERSION = YES_AGGRESSIVE;
				CLANG_CXX_LANGUAGE_STANDARD = "gnu++14";
				CLANG_CXX_LIBRARY = "libc++";
				CLANG_ENABLE_MODULES = YES;
				CLANG_ENABLE_OBJC_ARC = YES;
				CLANG_WARN_BLOCK_CAPTURE_AUTORELEASING = YES;
				CLANG_WARN_BOOL_CONVERSION = YES;
				CLANG_WARN_COMMA = YES;
				CLANG_WARN_CONSTANT_CONVERSION = YES;
				CLANG_WARN_DIRECT_OBJC_ISA_USAGE = YES_ERROR;
				CLANG_WARN_DOCUMENTATION_COMMENTS = YES;
				CLANG_WARN_EMPTY_BODY = YES;
				CLANG_WARN_ENUM_CONVERSION = YES;
				CLANG_WARN_INFINITE_RECURSION = YES;
				CLANG_WARN_INT_CONVERSION = YES;
				CLANG_WARN_NON_LITERAL_NULL_CONVERSION = YES;
				CLANG_WARN_OBJC_LITERAL_CONVERSION = YES;
				CLANG_WARN_OBJC_ROOT_CLASS = YES_ERROR;
				CLANG_WARN_RANGE_LOOP_ANALYSIS = YES;
				CLANG_WARN_STRICT_PROTOTYPES = YES;
				CLANG_WARN_SUSPICIOUS_MOVE = YES;
				CLANG_WARN_UNGUARDED_AVAILABILITY = YES_AGGRESSIVE;
				CLANG_WARN_UNREACHABLE_CODE = YES;
				CLANG_WARN__DUPLICATE_METHOD_MATCH = YES;
				CODE_SIGN_IDENTITY = "iPhone Developer";
				COPY_PHASE_STRIP = NO;
				DEBUG_INFORMATION_FORMAT = "dwarf-with-dsym";
				ENABLE_NS_ASSERTIONS = NO;
				ENABLE_STRICT_OBJC_MSGSEND = YES;
				GCC_C_LANGUAGE_STANDARD = gnu11;
				GCC_NO_COMMON_BLOCKS = YES;
				GCC_WARN_64_TO_32_BIT_CONVERSION = YES;
				GCC_WARN_ABOUT_RETURN_TYPE = YES_ERROR;
				GCC_WARN_UNDECLARED_SELECTOR = YES;
				GCC_WARN_UNINITIALIZED_AUTOS = YES_AGGRESSIVE;
				GCC_WARN_UNUSED_FUNCTION = YES;
				GCC_WARN_UNUSED_VARIABLE = YES;
				IPHONEOS_DEPLOYMENT_TARGET = 11.0;
				MTL_ENABLE_DEBUG_INFO = NO;
				SDKROOT = iphoneos;
				SWIFT_OPTIMIZATION_LEVEL = "-Owholemodule";
				VALIDATE_PRODUCT = YES;
			};
			name = Release;
		};
		1BAED1D3201B5F2800BEF56C /* Debug */ = {
			isa = XCBuildConfiguration;
			buildSettings = {
				ASSETCATALOG_COMPILER_APPICON_NAME = AppIcon;
				CODE_SIGN_STYLE = Automatic;
				DEVELOPMENT_TEAM = 555LCL8R2S;
				INFOPLIST_FILE = KMP3/Info.plist;
				LD_RUNPATH_SEARCH_PATHS = "$(inherited) @executable_path/Frameworks";
				PRODUCT_BUNDLE_IDENTIFIER = net.kasler.KMP3;
				PRODUCT_NAME = "$(TARGET_NAME)";
				SWIFT_VERSION = 4.0;
				TARGETED_DEVICE_FAMILY = "1,2";
			};
			name = Debug;
		};
		1BAED1D4201B5F2800BEF56C /* Release */ = {
			isa = XCBuildConfiguration;
			buildSettings = {
				ASSETCATALOG_COMPILER_APPICON_NAME = AppIcon;
				CODE_SIGN_STYLE = Automatic;
				DEVELOPMENT_TEAM = 555LCL8R2S;
				INFOPLIST_FILE = KMP3/Info.plist;
				LD_RUNPATH_SEARCH_PATHS = "$(inherited) @executable_path/Frameworks";
				PRODUCT_BUNDLE_IDENTIFIER = net.kasler.KMP3;
				PRODUCT_NAME = "$(TARGET_NAME)";
				SWIFT_VERSION = 4.0;
				TARGETED_DEVICE_FAMILY = "1,2";
			};
			name = Release;
		};
		1BAED1D6201B5F2800BEF56C /* Debug */ = {
			isa = XCBuildConfiguration;
			buildSettings = {
				ALWAYS_EMBED_SWIFT_STANDARD_LIBRARIES = YES;
				BUNDLE_LOADER = "$(TEST_HOST)";
				CODE_SIGN_STYLE = Automatic;
				DEVELOPMENT_TEAM = 555LCL8R2S;
				INFOPLIST_FILE = KMP3Tests/Info.plist;
				LD_RUNPATH_SEARCH_PATHS = "$(inherited) @executable_path/Frameworks @loader_path/Frameworks";
				PRODUCT_BUNDLE_IDENTIFIER = net.kasler.KMP3Tests;
				PRODUCT_NAME = "$(TARGET_NAME)";
				SWIFT_VERSION = 4.0;
				TARGETED_DEVICE_FAMILY = "1,2";
				TEST_HOST = "$(BUILT_PRODUCTS_DIR)/KMP3.app/KMP3";
			};
			name = Debug;
		};
		1BAED1D7201B5F2800BEF56C /* Release */ = {
			isa = XCBuildConfiguration;
			buildSettings = {
				ALWAYS_EMBED_SWIFT_STANDARD_LIBRARIES = YES;
				BUNDLE_LOADER = "$(TEST_HOST)";
				CODE_SIGN_STYLE = Automatic;
				DEVELOPMENT_TEAM = 555LCL8R2S;
				INFOPLIST_FILE = KMP3Tests/Info.plist;
				LD_RUNPATH_SEARCH_PATHS = "$(inherited) @executable_path/Frameworks @loader_path/Frameworks";
				PRODUCT_BUNDLE_IDENTIFIER = net.kasler.KMP3Tests;
				PRODUCT_NAME = "$(TARGET_NAME)";
				SWIFT_VERSION = 4.0;
				TARGETED_DEVICE_FAMILY = "1,2";
				TEST_HOST = "$(BUILT_PRODUCTS_DIR)/KMP3.app/KMP3";
			};
			name = Release;
		};
		1BAED1D9201B5F2800BEF56C /* Debug */ = {
			isa = XCBuildConfiguration;
			buildSettings = {
				ALWAYS_EMBED_SWIFT_STANDARD_LIBRARIES = YES;
				CODE_SIGN_STYLE = Automatic;
				DEVELOPMENT_TEAM = 555LCL8R2S;
				INFOPLIST_FILE = KMP3UITests/Info.plist;
				LD_RUNPATH_SEARCH_PATHS = "$(inherited) @executable_path/Frameworks @loader_path/Frameworks";
				PRODUCT_BUNDLE_IDENTIFIER = net.kasler.KMP3UITests;
				PRODUCT_NAME = "$(TARGET_NAME)";
				SWIFT_VERSION = 4.0;
				TARGETED_DEVICE_FAMILY = "1,2";
				TEST_TARGET_NAME = KMP3;
			};
			name = Debug;
		};
		1BAED1DA201B5F2800BEF56C /* Release */ = {
			isa = XCBuildConfiguration;
			buildSettings = {
				ALWAYS_EMBED_SWIFT_STANDARD_LIBRARIES = YES;
				CODE_SIGN_STYLE = Automatic;
				DEVELOPMENT_TEAM = 555LCL8R2S;
				INFOPLIST_FILE = KMP3UITests/Info.plist;
				LD_RUNPATH_SEARCH_PATHS = "$(inherited) @executable_path/Frameworks @loader_path/Frameworks";
				PRODUCT_BUNDLE_IDENTIFIER = net.kasler.KMP3UITests;
				PRODUCT_NAME = "$(TARGET_NAME)";
				SWIFT_VERSION = 4.0;
				TARGETED_DEVICE_FAMILY = "1,2";
				TEST_TARGET_NAME = KMP3;
			};
			name = Release;
		};
/* End XCBuildConfiguration section */

/* Begin XCConfigurationList section */
		1BAED1A2201B5F2800BEF56C /* Build configuration list for PBXProject "KMP3" */ = {
			isa = XCConfigurationList;
			buildConfigurations = (
				1BAED1D0201B5F2800BEF56C /* Debug */,
				1BAED1D1201B5F2800BEF56C /* Release */,
			);
			defaultConfigurationIsVisible = 0;
			defaultConfigurationName = Release;
		};
		1BAED1D2201B5F2800BEF56C /* Build configuration list for PBXNativeTarget "KMP3" */ = {
			isa = XCConfigurationList;
			buildConfigurations = (
				1BAED1D3201B5F2800BEF56C /* Debug */,
				1BAED1D4201B5F2800BEF56C /* Release */,
			);
			defaultConfigurationIsVisible = 0;
			defaultConfigurationName = Release;
		};
		1BAED1D5201B5F2800BEF56C /* Build configuration list for PBXNativeTarget "KMP3Tests" */ = {
			isa = XCConfigurationList;
			buildConfigurations = (
				1BAED1D6201B5F2800BEF56C /* Debug */,
				1BAED1D7201B5F2800BEF56C /* Release */,
			);
			defaultConfigurationIsVisible = 0;
			defaultConfigurationName = Release;
		};
		1BAED1D8201B5F2800BEF56C /* Build configuration list for PBXNativeTarget "KMP3UITests" */ = {
			isa = XCConfigurationList;
			buildConfigurations = (
				1BAED1D9201B5F2800BEF56C /* Debug */,
				1BAED1DA201B5F2800BEF56C /* Release */,
			);
			defaultConfigurationIsVisible = 0;
			defaultConfigurationName = Release;
		};
/* End XCConfigurationList section */

/* Begin XCVersionGroup section */
		1BAED1B1201B5F2800BEF56C /* KMP3.xcdatamodeld */ = {
			isa = XCVersionGroup;
			children = (
				1BAED1B2201B5F2800BEF56C /* KMP3.xcdatamodel */,
			);
			currentVersion = 1BAED1B2201B5F2800BEF56C /* KMP3.xcdatamodel */;
			path = KMP3.xcdatamodeld;
			sourceTree = "<group>";
			versionGroupType = wrapper.xcdatamodel;
		};
/* End XCVersionGroup section */
	};
	rootObject = 1BAED19F201B5F2800BEF56C /* Project object */;
}
